
Microsoft Visual Studio Solution File, Format Version 12.00
# Visual Studio Version 16
VisualStudioVersion = 16.0.31424.327
MinimumVisualStudioVersion = 10.0.40219.1
Project("{FAE04EC0-301F-11D3-BF4B-00C04F79EFBC}") = "Mosaico.3.3", "Mosaico.3.3\Mosaico.3.3.csproj", "{B3F4E132-8F73-4F03-8D9A-574A685F0AF6}"
EndProject
Global
	GlobalSection(SolutionConfigurationPlatforms) = preSolution
		Debug|Any CPU = Debug|Any CPU
		Release|Any CPU = Release|Any CPU
	EndGlobalSection
	GlobalSection(ProjectConfigurationPlatforms) = postSolution
		{B3F4E132-8F73-4F03-8D9A-574A685F0AF6}.Debug|Any CPU.ActiveCfg = Debug|Any CPU
		{B3F4E132-8F73-4F03-8D9A-574A685F0AF6}.Debug|Any CPU.Build.0 = Debug|Any CPU
		{B3F4E132-8F73-4F03-8D9A-574A685F0AF6}.Release|Any CPU.ActiveCfg = Release|Any CPU
		{B3F4E132-8F73-4F03-8D9A-574A685F0AF6}.Release|Any CPU.Build.0 = Release|Any CPU
	EndGlobalSection
	GlobalSection(SolutionProperties) = preSolution
		HideSolutionNode = FALSE
	EndGlobalSection
	GlobalSection(ExtensibilityGlobals) = postSolution
		SolutionGuid = {96199DA3-93FA-4106-B5A5-2C241011AF29}
	EndGlobalSection
EndGlobal
